// !$*UTF8*$!
{
	archiveVersion = 1;
	classes = {
	};
	objectVersion = 56;
	objects = {

/* Begin PBXBuildFile section */
		0049CC9D2B3B94AA00E26AE3 /* ClientViewController.swift in Sources */ = {isa = PBXBuildFile; fileRef = 0049CC9C2B3B94AA00E26AE3 /* ClientViewController.swift */; };
		0049CCA02B3B951A00E26AE3 /* ClientService.swift in Sources */ = {isa = PBXBuildFile; fileRef = 0049CC9F2B3B951A00E26AE3 /* ClientService.swift */; };
		0049CCA22B3B957200E26AE3 /* LivingRoomService.swift in Sources */ = {isa = PBXBuildFile; fileRef = 0049CCA12B3B957200E26AE3 /* LivingRoomService.swift */; };
		0049CCA52B3B978500E26AE3 /* LivingRoomViewController.swift in Sources */ = {isa = PBXBuildFile; fileRef = 0049CCA42B3B978500E26AE3 /* LivingRoomViewController.swift */; };
		0049CCA72B3B993700E26AE3 /* LivingRoomCellView.swift in Sources */ = {isa = PBXBuildFile; fileRef = 0049CCA62B3B993700E26AE3 /* LivingRoomCellView.swift */; };
		0049CCA92B3BA23200E26AE3 /* SelectLivingRoomViewController.swift in Sources */ = {isa = PBXBuildFile; fileRef = 0049CCA82B3BA23200E26AE3 /* SelectLivingRoomViewController.swift */; };
		0049CCAB2B3BA37E00E26AE3 /* ClientViewCell.swift in Sources */ = {isa = PBXBuildFile; fileRef = 0049CCAA2B3BA37E00E26AE3 /* ClientViewCell.swift */; };
		005BA7C32B3B8D48003E40B2 /* AppDelegate.swift in Sources */ = {isa = PBXBuildFile; fileRef = 005BA7C22B3B8D48003E40B2 /* AppDelegate.swift */; };
		005BA7C52B3B8D48003E40B2 /* SceneDelegate.swift in Sources */ = {isa = PBXBuildFile; fileRef = 005BA7C42B3B8D48003E40B2 /* SceneDelegate.swift */; };
		005BA7CC2B3B8D4A003E40B2 /* Assets.xcassets in Resources */ = {isa = PBXBuildFile; fileRef = 005BA7CB2B3B8D4A003E40B2 /* Assets.xcassets */; };
		005BA7CF2B3B8D4A003E40B2 /* LaunchScreen.storyboard in Resources */ = {isa = PBXBuildFile; fileRef = 005BA7CD2B3B8D4A003E40B2 /* LaunchScreen.storyboard */; };
		005BA7DF2B3B8FCF003E40B2 /* Constants.swift in Sources */ = {isa = PBXBuildFile; fileRef = 005BA7D92B3B8FCF003E40B2 /* Constants.swift */; };
		005BA7E02B3B8FCF003E40B2 /* URLRequest+Extension.swift in Sources */ = {isa = PBXBuildFile; fileRef = 005BA7DA2B3B8FCF003E40B2 /* URLRequest+Extension.swift */; };
		005BA7E32B3B8FCF003E40B2 /* NetworkError.swift in Sources */ = {isa = PBXBuildFile; fileRef = 005BA7DD2B3B8FCF003E40B2 /* NetworkError.swift */; };
		005BA7E42B3B8FCF003E40B2 /* URLSesson+Extension.swift in Sources */ = {isa = PBXBuildFile; fileRef = 005BA7DE2B3B8FCF003E40B2 /* URLSesson+Extension.swift */; };
		005BA7E72B3B9016003E40B2 /* TabBatController.swift in Sources */ = {isa = PBXBuildFile; fileRef = 005BA7E62B3B9016003E40B2 /* TabBatController.swift */; };
		005BA7EA2B3B90FB003E40B2 /* Client.swift in Sources */ = {isa = PBXBuildFile; fileRef = 005BA7E92B3B90FB003E40B2 /* Client.swift */; };
		005BA7EC2B3B9134003E40B2 /* LivingRoom.swift in Sources */ = {isa = PBXBuildFile; fileRef = 005BA7EB2B3B9134003E40B2 /* LivingRoom.swift */; };
		005BA7EE2B3B91D0003E40B2 /* Staff.swift in Sources */ = {isa = PBXBuildFile; fileRef = 005BA7ED2B3B91D0003E40B2 /* Staff.swift */; };
		005BA7F02B3B9244003E40B2 /* ProcedureRoom.swift in Sources */ = {isa = PBXBuildFile; fileRef = 005BA7EF2B3B9244003E40B2 /* ProcedureRoom.swift */; };
		005BA7F22B3B9286003E40B2 /* ClientProcedure.swift in Sources */ = {isa = PBXBuildFile; fileRef = 005BA7F12B3B9286003E40B2 /* ClientProcedure.swift */; };
		005BA7F42B3B92FF003E40B2 /* Procedure.swift in Sources */ = {isa = PBXBuildFile; fileRef = 005BA7F32B3B92FF003E40B2 /* Procedure.swift */; };
/* End PBXBuildFile section */

/* Begin PBXFileReference section */
		0049CC9C2B3B94AA00E26AE3 /* ClientViewController.swift */ = {isa = PBXFileReference; lastKnownFileType = sourcecode.swift; path = ClientViewController.swift; sourceTree = "<group>"; };
		0049CC9F2B3B951A00E26AE3 /* ClientService.swift */ = {isa = PBXFileReference; lastKnownFileType = sourcecode.swift; path = ClientService.swift; sourceTree = "<group>"; };
		0049CCA12B3B957200E26AE3 /* LivingRoomService.swift */ = {isa = PBXFileReference; lastKnownFileType = sourcecode.swift; path = LivingRoomService.swift; sourceTree = "<group>"; };
		0049CCA42B3B978500E26AE3 /* LivingRoomViewController.swift */ = {isa = PBXFileReference; lastKnownFileType = sourcecode.swift; path = LivingRoomViewController.swift; sourceTree = "<group>"; };
		0049CCA62B3B993700E26AE3 /* LivingRoomCellView.swift */ = {isa = PBXFileReference; lastKnownFileType = sourcecode.swift; path = LivingRoomCellView.swift; sourceTree = "<group>"; };
		0049CCA82B3BA23200E26AE3 /* SelectLivingRoomViewController.swift */ = {isa = PBXFileReference; lastKnownFileType = sourcecode.swift; path = SelectLivingRoomViewController.swift; sourceTree = "<group>"; };
		0049CCAA2B3BA37E00E26AE3 /* ClientViewCell.swift */ = {isa = PBXFileReference; lastKnownFileType = sourcecode.swift; path = ClientViewCell.swift; sourceTree = "<group>"; };
		005BA7BF2B3B8D48003E40B2 /* ArtemSBoduna.app */ = {isa = PBXFileReference; explicitFileType = wrapper.application; includeInIndex = 0; path = ArtemSBoduna.app; sourceTree = BUILT_PRODUCTS_DIR; };
		005BA7C22B3B8D48003E40B2 /* AppDelegate.swift */ = {isa = PBXFileReference; lastKnownFileType = sourcecode.swift; path = AppDelegate.swift; sourceTree = "<group>"; };
		005BA7C42B3B8D48003E40B2 /* SceneDelegate.swift */ = {isa = PBXFileReference; lastKnownFileType = sourcecode.swift; path = SceneDelegate.swift; sourceTree = "<group>"; };
		005BA7CB2B3B8D4A003E40B2 /* Assets.xcassets */ = {isa = PBXFileReference; lastKnownFileType = folder.assetcatalog; path = Assets.xcassets; sourceTree = "<group>"; };
		005BA7CE2B3B8D4A003E40B2 /* Base */ = {isa = PBXFileReference; lastKnownFileType = file.storyboard; name = Base; path = Base.lproj/LaunchScreen.storyboard; sourceTree = "<group>"; };
		005BA7D02B3B8D4A003E40B2 /* Info.plist */ = {isa = PBXFileReference; lastKnownFileType = text.plist.xml; path = Info.plist; sourceTree = "<group>"; };
		005BA7D92B3B8FCF003E40B2 /* Constants.swift */ = {isa = PBXFileReference; fileEncoding = 4; lastKnownFileType = sourcecode.swift; path = Constants.swift; sourceTree = "<group>"; };
		005BA7DA2B3B8FCF003E40B2 /* URLRequest+Extension.swift */ = {isa = PBXFileReference; fileEncoding = 4; lastKnownFileType = sourcecode.swift; path = "URLRequest+Extension.swift"; sourceTree = "<group>"; };
		005BA7DD2B3B8FCF003E40B2 /* NetworkError.swift */ = {isa = PBXFileReference; fileEncoding = 4; lastKnownFileType = sourcecode.swift; path = NetworkError.swift; sourceTree = "<group>"; };
		005BA7DE2B3B8FCF003E40B2 /* URLSesson+Extension.swift */ = {isa = PBXFileReference; fileEncoding = 4; lastKnownFileType = sourcecode.swift; path = "URLSesson+Extension.swift"; sourceTree = "<group>"; };
		005BA7E62B3B9016003E40B2 /* TabBatController.swift */ = {isa = PBXFileReference; lastKnownFileType = sourcecode.swift; path = TabBatController.swift; sourceTree = "<group>"; };
		005BA7E92B3B90FB003E40B2 /* Client.swift */ = {isa = PBXFileReference; lastKnownFileType = sourcecode.swift; path = Client.swift; sourceTree = "<group>"; };
		005BA7EB2B3B9134003E40B2 /* LivingRoom.swift */ = {isa = PBXFileReference; lastKnownFileType = sourcecode.swift; path = LivingRoom.swift; sourceTree = "<group>"; };
		005BA7ED2B3B91D0003E40B2 /* Staff.swift */ = {isa = PBXFileReference; lastKnownFileType = sourcecode.swift; path = Staff.swift; sourceTree = "<group>"; };
		005BA7EF2B3B9244003E40B2 /* ProcedureRoom.swift */ = {isa = PBXFileReference; lastKnownFileType = sourcecode.swift; path = ProcedureRoom.swift; sourceTree = "<group>"; };
		005BA7F12B3B9286003E40B2 /* ClientProcedure.swift */ = {isa = PBXFileReference; lastKnownFileType = sourcecode.swift; path = ClientProcedure.swift; sourceTree = "<group>"; };
		005BA7F32B3B92FF003E40B2 /* Procedure.swift */ = {isa = PBXFileReference; lastKnownFileType = sourcecode.swift; path = Procedure.swift; sourceTree = "<group>"; };
/* End PBXFileReference section */

/* Begin PBXFrameworksBuildPhase section */
		005BA7BC2B3B8D48003E40B2 /* Frameworks */ = {
			isa = PBXFrameworksBuildPhase;
			buildActionMask = 2147483647;
			files = (
			);
			runOnlyForDeploymentPostprocessing = 0;
		};
/* End PBXFrameworksBuildPhase section */

/* Begin PBXGroup section */
		0049CC9B2B3B949400E26AE3 /* Client */ = {
			isa = PBXGroup;
			children = (
				0049CC9C2B3B94AA00E26AE3 /* ClientViewController.swift */,
				0049CCAA2B3BA37E00E26AE3 /* ClientViewCell.swift */,
			);
			path = Client;
			sourceTree = "<group>";
		};
		0049CC9E2B3B950800E26AE3 /* Services */ = {
			isa = PBXGroup;
			children = (
				0049CC9F2B3B951A00E26AE3 /* ClientService.swift */,
				0049CCA12B3B957200E26AE3 /* LivingRoomService.swift */,
			);
			path = Services;
			sourceTree = "<group>";
		};
		0049CCA32B3B975D00E26AE3 /* LivingRoom */ = {
			isa = PBXGroup;
			children = (
				0049CCA42B3B978500E26AE3 /* LivingRoomViewController.swift */,
				0049CCA62B3B993700E26AE3 /* LivingRoomCellView.swift */,
				0049CCA82B3BA23200E26AE3 /* SelectLivingRoomViewController.swift */,
			);
			path = LivingRoom;
			sourceTree = "<group>";
		};
		005BA7B62B3B8D47003E40B2 = {
			isa = PBXGroup;
			children = (
				005BA7C12B3B8D48003E40B2 /* ArtemSBoduna */,
				005BA7C02B3B8D48003E40B2 /* Products */,
			);
			sourceTree = "<group>";
		};
		005BA7C02B3B8D48003E40B2 /* Products */ = {
			isa = PBXGroup;
			children = (
				005BA7BF2B3B8D48003E40B2 /* ArtemSBoduna.app */,
			);
			name = Products;
			sourceTree = "<group>";
		};
		005BA7C12B3B8D48003E40B2 /* ArtemSBoduna */ = {
			isa = PBXGroup;
			children = (
				0049CC9E2B3B950800E26AE3 /* Services */,
				0049CCA32B3B975D00E26AE3 /* LivingRoom */,
				0049CC9B2B3B949400E26AE3 /* Client */,
				005BA7E82B3B904B003E40B2 /* Models */,
				005BA7E52B3B8FFC003E40B2 /* TabBar */,
				005BA7D82B3B8FCF003E40B2 /* Helpers */,
				005BA7D62B3B8FA2003E40B2 /* App */,
				005BA7CB2B3B8D4A003E40B2 /* Assets.xcassets */,
				005BA7CD2B3B8D4A003E40B2 /* LaunchScreen.storyboard */,
				005BA7D02B3B8D4A003E40B2 /* Info.plist */,
			);
			path = ArtemSBoduna;
			sourceTree = "<group>";
		};
		005BA7D62B3B8FA2003E40B2 /* App */ = {
			isa = PBXGroup;
			children = (
				005BA7C22B3B8D48003E40B2 /* AppDelegate.swift */,
				005BA7C42B3B8D48003E40B2 /* SceneDelegate.swift */,
			);
			path = App;
			sourceTree = "<group>";
		};
		005BA7D82B3B8FCF003E40B2 /* Helpers */ = {
			isa = PBXGroup;
			children = (
				005BA7D92B3B8FCF003E40B2 /* Constants.swift */,
				005BA7DA2B3B8FCF003E40B2 /* URLRequest+Extension.swift */,
				005BA7DD2B3B8FCF003E40B2 /* NetworkError.swift */,
				005BA7DE2B3B8FCF003E40B2 /* URLSesson+Extension.swift */,
			);
			path = Helpers;
			sourceTree = "<group>";
		};
		005BA7E52B3B8FFC003E40B2 /* TabBar */ = {
			isa = PBXGroup;
			children = (
				005BA7E62B3B9016003E40B2 /* TabBatController.swift */,
			);
			path = TabBar;
			sourceTree = "<group>";
		};
		005BA7E82B3B904B003E40B2 /* Models */ = {
			isa = PBXGroup;
			children = (
				005BA7E92B3B90FB003E40B2 /* Client.swift */,
				005BA7EB2B3B9134003E40B2 /* LivingRoom.swift */,
				005BA7ED2B3B91D0003E40B2 /* Staff.swift */,
				005BA7EF2B3B9244003E40B2 /* ProcedureRoom.swift */,
				005BA7F12B3B9286003E40B2 /* ClientProcedure.swift */,
				005BA7F32B3B92FF003E40B2 /* Procedure.swift */,
			);
			path = Models;
			sourceTree = "<group>";
		};
/* End PBXGroup section */

/* Begin PBXNativeTarget section */
		005BA7BE2B3B8D48003E40B2 /* ArtemSBoduna */ = {
			isa = PBXNativeTarget;
			buildConfigurationList = 005BA7D32B3B8D4A003E40B2 /* Build configuration list for PBXNativeTarget "ArtemSBoduna" */;
			buildPhases = (
				005BA7BB2B3B8D48003E40B2 /* Sources */,
				005BA7BC2B3B8D48003E40B2 /* Frameworks */,
				005BA7BD2B3B8D48003E40B2 /* Resources */,
			);
			buildRules = (
			);
			dependencies = (
			);
			name = ArtemSBoduna;
			productName = ArtemSBoduna;
			productReference = 005BA7BF2B3B8D48003E40B2 /* ArtemSBoduna.app */;
			productType = "com.apple.product-type.application";
		};
/* End PBXNativeTarget section */

/* Begin PBXProject section */
		005BA7B72B3B8D47003E40B2 /* Project object */ = {
			isa = PBXProject;
			attributes = {
				BuildIndependentTargetsInParallel = 1;
				LastSwiftUpdateCheck = 1500;
				LastUpgradeCheck = 1500;
				TargetAttributes = {
					005BA7BE2B3B8D48003E40B2 = {
						CreatedOnToolsVersion = 15.0;
					};
				};
			};
			buildConfigurationList = 005BA7BA2B3B8D47003E40B2 /* Build configuration list for PBXProject "ArtemSBoduna" */;
			compatibilityVersion = "Xcode 14.0";
			developmentRegion = en;
			hasScannedForEncodings = 0;
			knownRegions = (
				en,
				Base,
			);
			mainGroup = 005BA7B62B3B8D47003E40B2;
			productRefGroup = 005BA7C02B3B8D48003E40B2 /* Products */;
			projectDirPath = "";
			projectRoot = "";
			targets = (
				005BA7BE2B3B8D48003E40B2 /* ArtemSBoduna */,
			);
		};
/* End PBXProject section */

/* Begin PBXResourcesBuildPhase section */
		005BA7BD2B3B8D48003E40B2 /* Resources */ = {
			isa = PBXResourcesBuildPhase;
			buildActionMask = 2147483647;
			files = (
				005BA7CF2B3B8D4A003E40B2 /* LaunchScreen.storyboard in Resources */,
				005BA7CC2B3B8D4A003E40B2 /* Assets.xcassets in Resources */,
			);
			runOnlyForDeploymentPostprocessing = 0;
		};
/* End PBXResourcesBuildPhase section */

/* Begin PBXSourcesBuildPhase section */
		005BA7BB2B3B8D48003E40B2 /* Sources */ = {
			isa = PBXSourcesBuildPhase;
			buildActionMask = 2147483647;
			files = (
				0049CCA72B3B993700E26AE3 /* LivingRoomCellView.swift in Sources */,
				005BA7E02B3B8FCF003E40B2 /* URLRequest+Extension.swift in Sources */,
				005BA7E32B3B8FCF003E40B2 /* NetworkError.swift in Sources */,
				005BA7F22B3B9286003E40B2 /* ClientProcedure.swift in Sources */,
				005BA7EE2B3B91D0003E40B2 /* Staff.swift in Sources */,
				0049CCAB2B3BA37E00E26AE3 /* ClientViewCell.swift in Sources */,
				005BA7E72B3B9016003E40B2 /* TabBatController.swift in Sources */,
				0049CCA52B3B978500E26AE3 /* LivingRoomViewController.swift in Sources */,
				005BA7C32B3B8D48003E40B2 /* AppDelegate.swift in Sources */,
				005BA7EC2B3B9134003E40B2 /* LivingRoom.swift in Sources */,
				0049CC9D2B3B94AA00E26AE3 /* ClientViewController.swift in Sources */,
				005BA7C52B3B8D48003E40B2 /* SceneDelegate.swift in Sources */,
				0049CCA22B3B957200E26AE3 /* LivingRoomService.swift in Sources */,
				005BA7F02B3B9244003E40B2 /* ProcedureRoom.swift in Sources */,
				005BA7DF2B3B8FCF003E40B2 /* Constants.swift in Sources */,
				005BA7E42B3B8FCF003E40B2 /* URLSesson+Extension.swift in Sources */,
				005BA7EA2B3B90FB003E40B2 /* Client.swift in Sources */,
				0049CCA92B3BA23200E26AE3 /* SelectLivingRoomViewController.swift in Sources */,
				005BA7F42B3B92FF003E40B2 /* Procedure.swift in Sources */,
				0049CCA02B3B951A00E26AE3 /* ClientService.swift in Sources */,
			);
			runOnlyForDeploymentPostprocessing = 0;
		};
/* End PBXSourcesBuildPhase section */

/* Begin PBXVariantGroup section */
		005BA7CD2B3B8D4A003E40B2 /* LaunchScreen.storyboard */ = {
			isa = PBXVariantGroup;
			children = (
				005BA7CE2B3B8D4A003E40B2 /* Base */,
			);
			name = LaunchScreen.storyboard;
			sourceTree = "<group>";
		};
/* End PBXVariantGroup section */

/* Begin XCBuildConfiguration section */
		005BA7D12B3B8D4A003E40B2 /* Debug */ = {
			isa = XCBuildConfiguration;
			buildSettings = {
				ALWAYS_SEARCH_USER_PATHS = NO;
				ASSETCATALOG_COMPILER_GENERATE_SWIFT_ASSET_SYMBOL_EXTENSIONS = YES;
				CLANG_ANALYZER_NONNULL = YES;
				CLANG_ANALYZER_NUMBER_OBJECT_CONVERSION = YES_AGGRESSIVE;
				CLANG_CXX_LANGUAGE_STANDARD = "gnu++20";
				CLANG_ENABLE_MODULES = YES;
				CLANG_ENABLE_OBJC_ARC = YES;
				CLANG_ENABLE_OBJC_WEAK = YES;
				CLANG_WARN_BLOCK_CAPTURE_AUTORELEASING = YES;
				CLANG_WARN_BOOL_CONVERSION = YES;
				CLANG_WARN_COMMA = YES;
				CLANG_WARN_CONSTANT_CONVERSION = YES;
				CLANG_WARN_DEPRECATED_OBJC_IMPLEMENTATIONS = YES;
				CLANG_WARN_DIRECT_OBJC_ISA_USAGE = YES_ERROR;
				CLANG_WARN_DOCUMENTATION_COMMENTS = YES;
				CLANG_WARN_EMPTY_BODY = YES;
				CLANG_WARN_ENUM_CONVERSION = YES;
				CLANG_WARN_INFINITE_RECURSION = YES;
				CLANG_WARN_INT_CONVERSION = YES;
				CLANG_WARN_NON_LITERAL_NULL_CONVERSION = YES;
				CLANG_WARN_OBJC_IMPLICIT_RETAIN_SELF = YES;
				CLANG_WARN_OBJC_LITERAL_CONVERSION = YES;
				CLANG_WARN_OBJC_ROOT_CLASS = YES_ERROR;
				CLANG_WARN_QUOTED_INCLUDE_IN_FRAMEWORK_HEADER = YES;
				CLANG_WARN_RANGE_LOOP_ANALYSIS = YES;
				CLANG_WARN_STRICT_PROTOTYPES = YES;
				CLANG_WARN_SUSPICIOUS_MOVE = YES;
				CLANG_WARN_UNGUARDED_AVAILABILITY = YES_AGGRESSIVE;
				CLANG_WARN_UNREACHABLE_CODE = YES;
				CLANG_WARN__DUPLICATE_METHOD_MATCH = YES;
				COPY_PHASE_STRIP = NO;
				DEBUG_INFORMATION_FORMAT = dwarf;
				ENABLE_STRICT_OBJC_MSGSEND = YES;
				ENABLE_TESTABILITY = YES;
				ENABLE_USER_SCRIPT_SANDBOXING = YES;
				GCC_C_LANGUAGE_STANDARD = gnu17;
				GCC_DYNAMIC_NO_PIC = NO;
				GCC_NO_COMMON_BLOCKS = YES;
				GCC_OPTIMIZATION_LEVEL = 0;
				GCC_PREPROCESSOR_DEFINITIONS = (
					"DEBUG=1",
					"$(inherited)",
				);
				GCC_WARN_64_TO_32_BIT_CONVERSION = YES;
				GCC_WARN_ABOUT_RETURN_TYPE = YES_ERROR;
				GCC_WARN_UNDECLARED_SELECTOR = YES;
				GCC_WARN_UNINITIALIZED_AUTOS = YES_AGGRESSIVE;
				GCC_WARN_UNUSED_FUNCTION = YES;
				GCC_WARN_UNUSED_VARIABLE = YES;
				IPHONEOS_DEPLOYMENT_TARGET = 17.0;
				LOCALIZATION_PREFERS_STRING_CATALOGS = YES;
				MTL_ENABLE_DEBUG_INFO = INCLUDE_SOURCE;
				MTL_FAST_MATH = YES;
				ONLY_ACTIVE_ARCH = YES;
				SDKROOT = iphoneos;
				SWIFT_ACTIVE_COMPILATION_CONDITIONS = "DEBUG $(inherited)";
				SWIFT_OPTIMIZATION_LEVEL = "-Onone";
			};
			name = Debug;
		};
		005BA7D22B3B8D4A003E40B2 /* Release */ = {
			isa = XCBuildConfiguration;
			buildSettings = {
				ALWAYS_SEARCH_USER_PATHS = NO;
				ASSETCATALOG_COMPILER_GENERATE_SWIFT_ASSET_SYMBOL_EXTENSIONS = YES;
				CLANG_ANALYZER_NONNULL = YES;
				CLANG_ANALYZER_NUMBER_OBJECT_CONVERSION = YES_AGGRESSIVE;
				CLANG_CXX_LANGUAGE_STANDARD = "gnu++20";
				CLANG_ENABLE_MODULES = YES;
				CLANG_ENABLE_OBJC_ARC = YES;
				CLANG_ENABLE_OBJC_WEAK = YES;
				CLANG_WARN_BLOCK_CAPTURE_AUTORELEASING = YES;
				CLANG_WARN_BOOL_CONVERSION = YES;
				CLANG_WARN_COMMA = YES;
				CLANG_WARN_CONSTANT_CONVERSION = YES;
				CLANG_WARN_DEPRECATED_OBJC_IMPLEMENTATIONS = YES;
				CLANG_WARN_DIRECT_OBJC_ISA_USAGE = YES_ERROR;
				CLANG_WARN_DOCUMENTATION_COMMENTS = YES;
				CLANG_WARN_EMPTY_BODY = YES;
				CLANG_WARN_ENUM_CONVERSION = YES;
				CLANG_WARN_INFINITE_RECURSION = YES;
				CLANG_WARN_INT_CONVERSION = YES;
				CLANG_WARN_NON_LITERAL_NULL_CONVERSION = YES;
				CLANG_WARN_OBJC_IMPLICIT_RETAIN_SELF = YES;
				CLANG_WARN_OBJC_LITERAL_CONVERSION = YES;
				CLANG_WARN_OBJC_ROOT_CLASS = YES_ERROR;
				CLANG_WARN_QUOTED_INCLUDE_IN_FRAMEWORK_HEADER = YES;
				CLANG_WARN_RANGE_LOOP_ANALYSIS = YES;
				CLANG_WARN_STRICT_PROTOTYPES = YES;
				CLANG_WARN_SUSPICIOUS_MOVE = YES;
				CLANG_WARN_UNGUARDED_AVAILABILITY = YES_AGGRESSIVE;
				CLANG_WARN_UNREACHABLE_CODE = YES;
				CLANG_WARN__DUPLICATE_METHOD_MATCH = YES;
				COPY_PHASE_STRIP = NO;
				DEBUG_INFORMATION_FORMAT = "dwarf-with-dsym";
				ENABLE_NS_ASSERTIONS = NO;
				ENABLE_STRICT_OBJC_MSGSEND = YES;
				ENABLE_USER_SCRIPT_SANDBOXING = YES;
				GCC_C_LANGUAGE_STANDARD = gnu17;
				GCC_NO_COMMON_BLOCKS = YES;
				GCC_WARN_64_TO_32_BIT_CONVERSION = YES;
				GCC_WARN_ABOUT_RETURN_TYPE = YES_ERROR;
				GCC_WARN_UNDECLARED_SELECTOR = YES;
				GCC_WARN_UNINITIALIZED_AUTOS = YES_AGGRESSIVE;
				GCC_WARN_UNUSED_FUNCTION = YES;
				GCC_WARN_UNUSED_VARIABLE = YES;
				IPHONEOS_DEPLOYMENT_TARGET = 17.0;
				LOCALIZATION_PREFERS_STRING_CATALOGS = YES;
				MTL_ENABLE_DEBUG_INFO = NO;
				MTL_FAST_MATH = YES;
				SDKROOT = iphoneos;
				SWIFT_COMPILATION_MODE = wholemodule;
				VALIDATE_PRODUCT = YES;
			};
			name = Release;
		};
		005BA7D42B3B8D4A003E40B2 /* Debug */ = {
			isa = XCBuildConfiguration;
			buildSettings = {
				ASSETCATALOG_COMPILER_APPICON_NAME = AppIcon;
				ASSETCATALOG_COMPILER_GLOBAL_ACCENT_COLOR_NAME = AccentColor;
				CODE_SIGN_STYLE = Automatic;
				CURRENT_PROJECT_VERSION = 1;
				DEVELOPMENT_TEAM = KPDY9N2JR6;
				GENERATE_INFOPLIST_FILE = YES;
				INFOPLIST_FILE = ArtemSBoduna/Info.plist;
				INFOPLIST_KEY_UIApplicationSupportsIndirectInputEvents = YES;
				INFOPLIST_KEY_UILaunchStoryboardName = LaunchScreen;
				INFOPLIST_KEY_UISupportedInterfaceOrientations_iPad = "UIInterfaceOrientationPortrait UIInterfaceOrientationPortraitUpsideDown UIInterfaceOrientationLandscapeLeft UIInterfaceOrientationLandscapeRight";
				INFOPLIST_KEY_UISupportedInterfaceOrientations_iPhone = "UIInterfaceOrientationPortrait UIInterfaceOrientationLandscapeLeft UIInterfaceOrientationLandscapeRight";
				IPHONEOS_DEPLOYMENT_TARGET = 16.0;
				LD_RUNPATH_SEARCH_PATHS = (
					"$(inherited)",
					"@executable_path/Frameworks",
				);
				MARKETING_VERSION = 1.0;
				PRODUCT_BUNDLE_IDENTIFIER = ru.Artem.ArtemSBoduna;
				PRODUCT_NAME = "$(TARGET_NAME)";
				SWIFT_EMIT_LOC_STRINGS = YES;
				SWIFT_VERSION = 5.0;
				TARGETED_DEVICE_FAMILY = "1,2";
			};
			name = Debug;
		};
		005BA7D52B3B8D4A003E40B2 /* Release */ = {
			isa = XCBuildConfiguration;
			buildSettings = {
				ASSETCATALOG_COMPILER_APPICON_NAME = AppIcon;
				ASSETCATALOG_COMPILER_GLOBAL_ACCENT_COLOR_NAME = AccentColor;
				CODE_SIGN_STYLE = Automatic;
				CURRENT_PROJECT_VERSION = 1;
				DEVELOPMENT_TEAM = KPDY9N2JR6;
				GENERATE_INFOPLIST_FILE = YES;
				INFOPLIST_FILE = ArtemSBoduna/Info.plist;
				INFOPLIST_KEY_UIApplicationSupportsIndirectInputEvents = YES;
				INFOPLIST_KEY_UILaunchStoryboardName = LaunchScreen;
				INFOPLIST_KEY_UISupportedInterfaceOrientations_iPad = "UIInterfaceOrientationPortrait UIInterfaceOrientationPortraitUpsideDown UIInterfaceOrientationLandscapeLeft UIInterfaceOrientationLandscapeRight";
				INFOPLIST_KEY_UISupportedInterfaceOrientations_iPhone = "UIInterfaceOrientationPortrait UIInterfaceOrientationLandscapeLeft UIInterfaceOrientationLandscapeRight";
				IPHONEOS_DEPLOYMENT_TARGET = 16.0;
				LD_RUNPATH_SEARCH_PATHS = (
					"$(inherited)",
					"@executable_path/Frameworks",
				);
				MARKETING_VERSION = 1.0;
				PRODUCT_BUNDLE_IDENTIFIER = ru.Artem.ArtemSBoduna;
				PRODUCT_NAME = "$(TARGET_NAME)";
				SWIFT_EMIT_LOC_STRINGS = YES;
				SWIFT_VERSION = 5.0;
				TARGETED_DEVICE_FAMILY = "1,2";
			};
			name = Release;
		};
/* End XCBuildConfiguration section */

/* Begin XCConfigurationList section */
		005BA7BA2B3B8D47003E40B2 /* Build configuration list for PBXProject "ArtemSBoduna" */ = {
			isa = XCConfigurationList;
			buildConfigurations = (
				005BA7D12B3B8D4A003E40B2 /* Debug */,
				005BA7D22B3B8D4A003E40B2 /* Release */,
			);
			defaultConfigurationIsVisible = 0;
			defaultConfigurationName = Release;
		};
		005BA7D32B3B8D4A003E40B2 /* Build configuration list for PBXNativeTarget "ArtemSBoduna" */ = {
			isa = XCConfigurationList;
			buildConfigurations = (
				005BA7D42B3B8D4A003E40B2 /* Debug */,
				005BA7D52B3B8D4A003E40B2 /* Release */,
			);
			defaultConfigurationIsVisible = 0;
			defaultConfigurationName = Release;
		};
/* End XCConfigurationList section */
	};
	rootObject = 005BA7B72B3B8D47003E40B2 /* Project object */;
}
